// !$*UTF8*$!
{
	archiveVersion = 1;
	classes = {
	};
	objectVersion = 56;
	objects = {

/* Begin PBXBuildFile section */
		ADB09B4C2900514A009D8D8D /* CountryDetailVC.swift in Sources */ = {isa = PBXBuildFile; fileRef = ADB09B4B2900514A009D8D8D /* CountryDetailVC.swift */; };
		ADB09B4E2900516E009D8D8D /* CountryDetailVM.swift in Sources */ = {isa = PBXBuildFile; fileRef = ADB09B4D2900516E009D8D8D /* CountryDetailVM.swift */; };
		ADB09B50290051ED009D8D8D /* MainCoordinator.swift in Sources */ = {isa = PBXBuildFile; fileRef = ADB09B4F290051ED009D8D8D /* MainCoordinator.swift */; };
		ADB09B5229005280009D8D8D /* Coordinator.swift in Sources */ = {isa = PBXBuildFile; fileRef = ADB09B5129005280009D8D8D /* Coordinator.swift */; };
		ADB09B5429005377009D8D8D /* BaseVC.swift in Sources */ = {isa = PBXBuildFile; fileRef = ADB09B5329005377009D8D8D /* BaseVC.swift */; };
		ADB4221128FDF0A2002D5C35 /* AppDelegate.swift in Sources */ = {isa = PBXBuildFile; fileRef = ADB4221028FDF0A2002D5C35 /* AppDelegate.swift */; };
		ADB4221328FDF0A2002D5C35 /* SceneDelegate.swift in Sources */ = {isa = PBXBuildFile; fileRef = ADB4221228FDF0A2002D5C35 /* SceneDelegate.swift */; };
		ADB4221528FDF0A2002D5C35 /* CountriesVC.swift in Sources */ = {isa = PBXBuildFile; fileRef = ADB4221428FDF0A2002D5C35 /* CountriesVC.swift */; };
		ADB4221828FDF0A2002D5C35 /* Main.storyboard in Resources */ = {isa = PBXBuildFile; fileRef = ADB4221628FDF0A2002D5C35 /* Main.storyboard */; };
		ADB4221A28FDF0A3002D5C35 /* Assets.xcassets in Resources */ = {isa = PBXBuildFile; fileRef = ADB4221928FDF0A3002D5C35 /* Assets.xcassets */; };
		ADB4221D28FDF0A3002D5C35 /* LaunchScreen.storyboard in Resources */ = {isa = PBXBuildFile; fileRef = ADB4221B28FDF0A3002D5C35 /* LaunchScreen.storyboard */; };
		ADB4222828FDF0A3002D5C35 /* ApiServiceTests.swift in Sources */ = {isa = PBXBuildFile; fileRef = ADB4222728FDF0A3002D5C35 /* ApiServiceTests.swift */; };
		ADB4223228FDF0A3002D5C35 /* FlagsUITests.swift in Sources */ = {isa = PBXBuildFile; fileRef = ADB4223128FDF0A3002D5C35 /* FlagsUITests.swift */; };
		ADB4223428FDF0A3002D5C35 /* FlagsUITestsLaunchTests.swift in Sources */ = {isa = PBXBuildFile; fileRef = ADB4223328FDF0A3002D5C35 /* FlagsUITestsLaunchTests.swift */; };
		ADB4225028FDF0EA002D5C35 /* DefaultAppConfiguration.swift in Sources */ = {isa = PBXBuildFile; fileRef = ADB4224128FDF0E8002D5C35 /* DefaultAppConfiguration.swift */; };
		ADB4225128FDF0EA002D5C35 /* Configuration.swift in Sources */ = {isa = PBXBuildFile; fileRef = ADB4224228FDF0E8002D5C35 /* Configuration.swift */; };
		ADB4225228FDF0EA002D5C35 /* Country.swift in Sources */ = {isa = PBXBuildFile; fileRef = ADB4224428FDF0E9002D5C35 /* Country.swift */; };
		ADB4225328FDF0EA002D5C35 /* ApiConfiguration.swift in Sources */ = {isa = PBXBuildFile; fileRef = ADB4224728FDF0E9002D5C35 /* ApiConfiguration.swift */; };
		ADB4225428FDF0EA002D5C35 /* ApiConfiguration+dev.swift in Sources */ = {isa = PBXBuildFile; fileRef = ADB4224828FDF0E9002D5C35 /* ApiConfiguration+dev.swift */; };
		ADB4225528FDF0EA002D5C35 /* ApiService.swift in Sources */ = {isa = PBXBuildFile; fileRef = ADB4224928FDF0E9002D5C35 /* ApiService.swift */; };
		ADB4225628FDF0EA002D5C35 /* ApiService+Mock.swift in Sources */ = {isa = PBXBuildFile; fileRef = ADB4224B28FDF0E9002D5C35 /* ApiService+Mock.swift */; };
		ADB4225728FDF0EA002D5C35 /* UrlSessionApiService.swift in Sources */ = {isa = PBXBuildFile; fileRef = ADB4224D28FDF0E9002D5C35 /* UrlSessionApiService.swift */; };
		ADB4225828FDF0EA002D5C35 /* Container.swift in Sources */ = {isa = PBXBuildFile; fileRef = ADB4224F28FDF0E9002D5C35 /* Container.swift */; };
		ADB490A12900064400E3FF41 /* CountriesVM.swift in Sources */ = {isa = PBXBuildFile; fileRef = ADB490A02900064400E3FF41 /* CountriesVM.swift */; };
		ADB490A72900419700E3FF41 /* CountriesTVCell.swift in Sources */ = {isa = PBXBuildFile; fileRef = ADB490A62900419700E3FF41 /* CountriesTVCell.swift */; };
/* End PBXBuildFile section */

/* Begin PBXContainerItemProxy section */
		ADB4222428FDF0A3002D5C35 /* PBXContainerItemProxy */ = {
			isa = PBXContainerItemProxy;
			containerPortal = ADB4220528FDF0A2002D5C35 /* Project object */;
			proxyType = 1;
			remoteGlobalIDString = ADB4220C28FDF0A2002D5C35;
			remoteInfo = Flags;
		};
		ADB4222E28FDF0A3002D5C35 /* PBXContainerItemProxy */ = {
			isa = PBXContainerItemProxy;
			containerPortal = ADB4220528FDF0A2002D5C35 /* Project object */;
			proxyType = 1;
			remoteGlobalIDString = ADB4220C28FDF0A2002D5C35;
			remoteInfo = Flags;
		};
/* End PBXContainerItemProxy section */

/* Begin PBXFileReference section */
		ADB09B4B2900514A009D8D8D /* CountryDetailVC.swift */ = {isa = PBXFileReference; lastKnownFileType = sourcecode.swift; path = CountryDetailVC.swift; sourceTree = "<group>"; };
		ADB09B4D2900516E009D8D8D /* CountryDetailVM.swift */ = {isa = PBXFileReference; lastKnownFileType = sourcecode.swift; path = CountryDetailVM.swift; sourceTree = "<group>"; };
		ADB09B4F290051ED009D8D8D /* MainCoordinator.swift */ = {isa = PBXFileReference; lastKnownFileType = sourcecode.swift; path = MainCoordinator.swift; sourceTree = "<group>"; };
		ADB09B5129005280009D8D8D /* Coordinator.swift */ = {isa = PBXFileReference; lastKnownFileType = sourcecode.swift; path = Coordinator.swift; sourceTree = "<group>"; };
		ADB09B5329005377009D8D8D /* BaseVC.swift */ = {isa = PBXFileReference; lastKnownFileType = sourcecode.swift; path = BaseVC.swift; sourceTree = "<group>"; };
		ADB4220D28FDF0A2002D5C35 /* Flags.app */ = {isa = PBXFileReference; explicitFileType = wrapper.application; includeInIndex = 0; path = Flags.app; sourceTree = BUILT_PRODUCTS_DIR; };
		ADB4221028FDF0A2002D5C35 /* AppDelegate.swift */ = {isa = PBXFileReference; lastKnownFileType = sourcecode.swift; path = AppDelegate.swift; sourceTree = "<group>"; };
		ADB4221228FDF0A2002D5C35 /* SceneDelegate.swift */ = {isa = PBXFileReference; lastKnownFileType = sourcecode.swift; path = SceneDelegate.swift; sourceTree = "<group>"; };
		ADB4221428FDF0A2002D5C35 /* CountriesVC.swift */ = {isa = PBXFileReference; lastKnownFileType = sourcecode.swift; path = CountriesVC.swift; sourceTree = "<group>"; };
		ADB4221728FDF0A2002D5C35 /* Base */ = {isa = PBXFileReference; lastKnownFileType = file.storyboard; name = Base; path = Base.lproj/Main.storyboard; sourceTree = "<group>"; };
		ADB4221928FDF0A3002D5C35 /* Assets.xcassets */ = {isa = PBXFileReference; lastKnownFileType = folder.assetcatalog; path = Assets.xcassets; sourceTree = "<group>"; };
		ADB4221C28FDF0A3002D5C35 /* Base */ = {isa = PBXFileReference; lastKnownFileType = file.storyboard; name = Base; path = Base.lproj/LaunchScreen.storyboard; sourceTree = "<group>"; };
		ADB4221E28FDF0A3002D5C35 /* Info.plist */ = {isa = PBXFileReference; lastKnownFileType = text.plist.xml; path = Info.plist; sourceTree = "<group>"; };
		ADB4222328FDF0A3002D5C35 /* FlagsTests.xctest */ = {isa = PBXFileReference; explicitFileType = wrapper.cfbundle; includeInIndex = 0; path = FlagsTests.xctest; sourceTree = BUILT_PRODUCTS_DIR; };
		ADB4222728FDF0A3002D5C35 /* ApiServiceTests.swift */ = {isa = PBXFileReference; lastKnownFileType = sourcecode.swift; path = ApiServiceTests.swift; sourceTree = "<group>"; };
		ADB4222D28FDF0A3002D5C35 /* FlagsUITests.xctest */ = {isa = PBXFileReference; explicitFileType = wrapper.cfbundle; includeInIndex = 0; path = FlagsUITests.xctest; sourceTree = BUILT_PRODUCTS_DIR; };
		ADB4223128FDF0A3002D5C35 /* FlagsUITests.swift */ = {isa = PBXFileReference; lastKnownFileType = sourcecode.swift; path = FlagsUITests.swift; sourceTree = "<group>"; };
		ADB4223328FDF0A3002D5C35 /* FlagsUITestsLaunchTests.swift */ = {isa = PBXFileReference; lastKnownFileType = sourcecode.swift; path = FlagsUITestsLaunchTests.swift; sourceTree = "<group>"; };
		ADB4224128FDF0E8002D5C35 /* DefaultAppConfiguration.swift */ = {isa = PBXFileReference; fileEncoding = 4; lastKnownFileType = sourcecode.swift; path = DefaultAppConfiguration.swift; sourceTree = "<group>"; };
		ADB4224228FDF0E8002D5C35 /* Configuration.swift */ = {isa = PBXFileReference; fileEncoding = 4; lastKnownFileType = sourcecode.swift; path = Configuration.swift; sourceTree = "<group>"; };
		ADB4224428FDF0E9002D5C35 /* Country.swift */ = {isa = PBXFileReference; fileEncoding = 4; lastKnownFileType = sourcecode.swift; path = Country.swift; sourceTree = "<group>"; };
		ADB4224728FDF0E9002D5C35 /* ApiConfiguration.swift */ = {isa = PBXFileReference; fileEncoding = 4; lastKnownFileType = sourcecode.swift; path = ApiConfiguration.swift; sourceTree = "<group>"; };
		ADB4224828FDF0E9002D5C35 /* ApiConfiguration+dev.swift */ = {isa = PBXFileReference; fileEncoding = 4; lastKnownFileType = sourcecode.swift; path = "ApiConfiguration+dev.swift"; sourceTree = "<group>"; };
		ADB4224928FDF0E9002D5C35 /* ApiService.swift */ = {isa = PBXFileReference; fileEncoding = 4; lastKnownFileType = sourcecode.swift; path = ApiService.swift; sourceTree = "<group>"; };
		ADB4224B28FDF0E9002D5C35 /* ApiService+Mock.swift */ = {isa = PBXFileReference; fileEncoding = 4; lastKnownFileType = sourcecode.swift; path = "ApiService+Mock.swift"; sourceTree = "<group>"; };
		ADB4224D28FDF0E9002D5C35 /* UrlSessionApiService.swift */ = {isa = PBXFileReference; fileEncoding = 4; lastKnownFileType = sourcecode.swift; path = UrlSessionApiService.swift; sourceTree = "<group>"; };
		ADB4224F28FDF0E9002D5C35 /* Container.swift */ = {isa = PBXFileReference; fileEncoding = 4; lastKnownFileType = sourcecode.swift; path = Container.swift; sourceTree = "<group>"; };
		ADB4909E28FF050E00E3FF41 /* README.md */ = {isa = PBXFileReference; lastKnownFileType = net.daringfireball.markdown; path = README.md; sourceTree = "<group>"; };
		ADB490A02900064400E3FF41 /* CountriesVM.swift */ = {isa = PBXFileReference; lastKnownFileType = sourcecode.swift; path = CountriesVM.swift; sourceTree = "<group>"; };
		ADB490A62900419700E3FF41 /* CountriesTVCell.swift */ = {isa = PBXFileReference; lastKnownFileType = sourcecode.swift; path = CountriesTVCell.swift; sourceTree = "<group>"; };
/* End PBXFileReference section */

/* Begin PBXFrameworksBuildPhase section */
		ADB4220A28FDF0A2002D5C35 /* Frameworks */ = {
			isa = PBXFrameworksBuildPhase;
			buildActionMask = 2147483647;
			files = (
			);
			runOnlyForDeploymentPostprocessing = 0;
		};
		ADB4222028FDF0A3002D5C35 /* Frameworks */ = {
			isa = PBXFrameworksBuildPhase;
			buildActionMask = 2147483647;
			files = (
			);
			runOnlyForDeploymentPostprocessing = 0;
		};
		ADB4222A28FDF0A3002D5C35 /* Frameworks */ = {
			isa = PBXFrameworksBuildPhase;
			buildActionMask = 2147483647;
			files = (
			);
			runOnlyForDeploymentPostprocessing = 0;
		};
/* End PBXFrameworksBuildPhase section */

/* Begin PBXGroup section */
		ADB4220428FDF0A2002D5C35 = {
			isa = PBXGroup;
			children = (
				ADB4909E28FF050E00E3FF41 /* README.md */,
				ADB4220F28FDF0A2002D5C35 /* Flags */,
				ADB4222628FDF0A3002D5C35 /* FlagsTests */,
				ADB4223028FDF0A3002D5C35 /* FlagsUITests */,
				ADB4220E28FDF0A2002D5C35 /* Products */,
			);
			sourceTree = "<group>";
		};
		ADB4220E28FDF0A2002D5C35 /* Products */ = {
			isa = PBXGroup;
			children = (
				ADB4220D28FDF0A2002D5C35 /* Flags.app */,
				ADB4222328FDF0A3002D5C35 /* FlagsTests.xctest */,
				ADB4222D28FDF0A3002D5C35 /* FlagsUITests.xctest */,
			);
			name = Products;
			sourceTree = "<group>";
		};
		ADB4220F28FDF0A2002D5C35 /* Flags */ = {
			isa = PBXGroup;
			children = (
				ADB4221028FDF0A2002D5C35 /* AppDelegate.swift */,
				ADB4221228FDF0A2002D5C35 /* SceneDelegate.swift */,
				ADB4224E28FDF0E9002D5C35 /* Common */,
				ADB4224028FDF0E8002D5C35 /* Configuration */,
				ADB4224328FDF0E9002D5C35 /* Model */,
				ADB4224528FDF0E9002D5C35 /* Networking */,
				ADB4909F28FF07B300E3FF41 /* Presentation */,
				ADB4221928FDF0A3002D5C35 /* Assets.xcassets */,
				ADB4221E28FDF0A3002D5C35 /* Info.plist */,
			);
			path = Flags;
			sourceTree = "<group>";
		};
		ADB4222628FDF0A3002D5C35 /* FlagsTests */ = {
			isa = PBXGroup;
			children = (
				ADB4222728FDF0A3002D5C35 /* ApiServiceTests.swift */,
			);
			path = FlagsTests;
			sourceTree = "<group>";
		};
		ADB4223028FDF0A3002D5C35 /* FlagsUITests */ = {
			isa = PBXGroup;
			children = (
				ADB4223128FDF0A3002D5C35 /* FlagsUITests.swift */,
				ADB4223328FDF0A3002D5C35 /* FlagsUITestsLaunchTests.swift */,
			);
			path = FlagsUITests;
			sourceTree = "<group>";
		};
		ADB4224028FDF0E8002D5C35 /* Configuration */ = {
			isa = PBXGroup;
			children = (
				ADB4224128FDF0E8002D5C35 /* DefaultAppConfiguration.swift */,
				ADB4224228FDF0E8002D5C35 /* Configuration.swift */,
			);
			path = Configuration;
			sourceTree = "<group>";
		};
		ADB4224328FDF0E9002D5C35 /* Model */ = {
			isa = PBXGroup;
			children = (
				ADB4224428FDF0E9002D5C35 /* Country.swift */,
			);
			path = Model;
			sourceTree = "<group>";
		};
		ADB4224528FDF0E9002D5C35 /* Networking */ = {
			isa = PBXGroup;
			children = (
				ADB4224628FDF0E9002D5C35 /* Configuration */,
				ADB4224928FDF0E9002D5C35 /* ApiService.swift */,
				ADB4224A28FDF0E9002D5C35 /* ServiceImplementation */,
			);
			path = Networking;
			sourceTree = "<group>";
		};
		ADB4224628FDF0E9002D5C35 /* Configuration */ = {
			isa = PBXGroup;
			children = (
				ADB4224728FDF0E9002D5C35 /* ApiConfiguration.swift */,
				ADB4224828FDF0E9002D5C35 /* ApiConfiguration+dev.swift */,
			);
			path = Configuration;
			sourceTree = "<group>";
		};
		ADB4224A28FDF0E9002D5C35 /* ServiceImplementation */ = {
			isa = PBXGroup;
			children = (
				ADB4224B28FDF0E9002D5C35 /* ApiService+Mock.swift */,
				ADB4224C28FDF0E9002D5C35 /* UrlSession */,
			);
			path = ServiceImplementation;
			sourceTree = "<group>";
		};
		ADB4224C28FDF0E9002D5C35 /* UrlSession */ = {
			isa = PBXGroup;
			children = (
				ADB4224D28FDF0E9002D5C35 /* UrlSessionApiService.swift */,
			);
			path = UrlSession;
			sourceTree = "<group>";
		};
		ADB4224E28FDF0E9002D5C35 /* Common */ = {
			isa = PBXGroup;
			children = (
				ADB4224F28FDF0E9002D5C35 /* Container.swift */,
				ADB09B5129005280009D8D8D /* Coordinator.swift */,
				ADB09B5329005377009D8D8D /* BaseVC.swift */,
			);
			path = Common;
			sourceTree = "<group>";
		};
		ADB4909F28FF07B300E3FF41 /* Presentation */ = {
			isa = PBXGroup;
			children = (
				ADB490A62900419700E3FF41 /* CountriesTVCell.swift */,
				ADB4221428FDF0A2002D5C35 /* CountriesVC.swift */,
				ADB490A02900064400E3FF41 /* CountriesVM.swift */,
				ADB4221628FDF0A2002D5C35 /* Main.storyboard */,
				ADB4221B28FDF0A3002D5C35 /* LaunchScreen.storyboard */,
				ADB09B4B2900514A009D8D8D /* CountryDetailVC.swift */,
				ADB09B4D2900516E009D8D8D /* CountryDetailVM.swift */,
				ADB09B4F290051ED009D8D8D /* MainCoordinator.swift */,
			);
			path = Presentation;
			sourceTree = "<group>";
		};
/* End PBXGroup section */

/* Begin PBXNativeTarget section */
		ADB4220C28FDF0A2002D5C35 /* Flags */ = {
			isa = PBXNativeTarget;
			buildConfigurationList = ADB4223728FDF0A3002D5C35 /* Build configuration list for PBXNativeTarget "Flags" */;
			buildPhases = (
				ADB4220928FDF0A2002D5C35 /* Sources */,
				ADB4220A28FDF0A2002D5C35 /* Frameworks */,
				ADB4220B28FDF0A2002D5C35 /* Resources */,
			);
			buildRules = (
			);
			dependencies = (
			);
			name = Flags;
			productName = Flags;
			productReference = ADB4220D28FDF0A2002D5C35 /* Flags.app */;
			productType = "com.apple.product-type.application";
		};
		ADB4222228FDF0A3002D5C35 /* FlagsTests */ = {
			isa = PBXNativeTarget;
			buildConfigurationList = ADB4223A28FDF0A3002D5C35 /* Build configuration list for PBXNativeTarget "FlagsTests" */;
			buildPhases = (
				ADB4221F28FDF0A3002D5C35 /* Sources */,
				ADB4222028FDF0A3002D5C35 /* Frameworks */,
				ADB4222128FDF0A3002D5C35 /* Resources */,
			);
			buildRules = (
			);
			dependencies = (
				ADB4222528FDF0A3002D5C35 /* PBXTargetDependency */,
			);
			name = FlagsTests;
			productName = FlagsTests;
			productReference = ADB4222328FDF0A3002D5C35 /* FlagsTests.xctest */;
			productType = "com.apple.product-type.bundle.unit-test";
		};
		ADB4222C28FDF0A3002D5C35 /* FlagsUITests */ = {
			isa = PBXNativeTarget;
			buildConfigurationList = ADB4223D28FDF0A3002D5C35 /* Build configuration list for PBXNativeTarget "FlagsUITests" */;
			buildPhases = (
				ADB4222928FDF0A3002D5C35 /* Sources */,
				ADB4222A28FDF0A3002D5C35 /* Frameworks */,
				ADB4222B28FDF0A3002D5C35 /* Resources */,
			);
			buildRules = (
			);
			dependencies = (
				ADB4222F28FDF0A3002D5C35 /* PBXTargetDependency */,
			);
			name = FlagsUITests;
			productName = FlagsUITests;
			productReference = ADB4222D28FDF0A3002D5C35 /* FlagsUITests.xctest */;
			productType = "com.apple.product-type.bundle.ui-testing";
		};
/* End PBXNativeTarget section */

/* Begin PBXProject section */
		ADB4220528FDF0A2002D5C35 /* Project object */ = {
			isa = PBXProject;
			attributes = {
				BuildIndependentTargetsInParallel = 1;
				LastSwiftUpdateCheck = 1400;
				LastUpgradeCheck = 1400;
				TargetAttributes = {
					ADB4220C28FDF0A2002D5C35 = {
						CreatedOnToolsVersion = 14.0.1;
					};
					ADB4222228FDF0A3002D5C35 = {
						CreatedOnToolsVersion = 14.0.1;
						TestTargetID = ADB4220C28FDF0A2002D5C35;
					};
					ADB4222C28FDF0A3002D5C35 = {
						CreatedOnToolsVersion = 14.0.1;
						TestTargetID = ADB4220C28FDF0A2002D5C35;
					};
				};
			};
			buildConfigurationList = ADB4220828FDF0A2002D5C35 /* Build configuration list for PBXProject "Flags" */;
			compatibilityVersion = "Xcode 14.0";
			developmentRegion = en;
			hasScannedForEncodings = 0;
			knownRegions = (
				en,
				Base,
			);
			mainGroup = ADB4220428FDF0A2002D5C35;
			productRefGroup = ADB4220E28FDF0A2002D5C35 /* Products */;
			projectDirPath = "";
			projectRoot = "";
			targets = (
				ADB4220C28FDF0A2002D5C35 /* Flags */,
				ADB4222228FDF0A3002D5C35 /* FlagsTests */,
				ADB4222C28FDF0A3002D5C35 /* FlagsUITests */,
			);
		};
/* End PBXProject section */

/* Begin PBXResourcesBuildPhase section */
		ADB4220B28FDF0A2002D5C35 /* Resources */ = {
			isa = PBXResourcesBuildPhase;
			buildActionMask = 2147483647;
			files = (
				ADB4221D28FDF0A3002D5C35 /* LaunchScreen.storyboard in Resources */,
				ADB4221A28FDF0A3002D5C35 /* Assets.xcassets in Resources */,
				ADB4221828FDF0A2002D5C35 /* Main.storyboard in Resources */,
			);
			runOnlyForDeploymentPostprocessing = 0;
		};
		ADB4222128FDF0A3002D5C35 /* Resources */ = {
			isa = PBXResourcesBuildPhase;
			buildActionMask = 2147483647;
			files = (
			);
			runOnlyForDeploymentPostprocessing = 0;
		};
		ADB4222B28FDF0A3002D5C35 /* Resources */ = {
			isa = PBXResourcesBuildPhase;
			buildActionMask = 2147483647;
			files = (
			);
			runOnlyForDeploymentPostprocessing = 0;
		};
/* End PBXResourcesBuildPhase section */

/* Begin PBXSourcesBuildPhase section */
		ADB4220928FDF0A2002D5C35 /* Sources */ = {
			isa = PBXSourcesBuildPhase;
			buildActionMask = 2147483647;
			files = (
				ADB09B50290051ED009D8D8D /* MainCoordinator.swift in Sources */,
				ADB4221528FDF0A2002D5C35 /* CountriesVC.swift in Sources */,
				ADB4225828FDF0EA002D5C35 /* Container.swift in Sources */,
				ADB4225428FDF0EA002D5C35 /* ApiConfiguration+dev.swift in Sources */,
				ADB09B5429005377009D8D8D /* BaseVC.swift in Sources */,
				ADB4225228FDF0EA002D5C35 /* Country.swift in Sources */,
				ADB4225128FDF0EA002D5C35 /* Configuration.swift in Sources */,
				ADB490A12900064400E3FF41 /* CountriesVM.swift in Sources */,
				ADB4221128FDF0A2002D5C35 /* AppDelegate.swift in Sources */,
				ADB09B5229005280009D8D8D /* Coordinator.swift in Sources */,
				ADB4225528FDF0EA002D5C35 /* ApiService.swift in Sources */,
				ADB4225028FDF0EA002D5C35 /* DefaultAppConfiguration.swift in Sources */,
				ADB4225728FDF0EA002D5C35 /* UrlSessionApiService.swift in Sources */,
				ADB09B4E2900516E009D8D8D /* CountryDetailVM.swift in Sources */,
				ADB4225328FDF0EA002D5C35 /* ApiConfiguration.swift in Sources */,
				ADB4225628FDF0EA002D5C35 /* ApiService+Mock.swift in Sources */,
				ADB490A72900419700E3FF41 /* CountriesTVCell.swift in Sources */,
				ADB09B4C2900514A009D8D8D /* CountryDetailVC.swift in Sources */,
				ADB4221328FDF0A2002D5C35 /* SceneDelegate.swift in Sources */,
			);
			runOnlyForDeploymentPostprocessing = 0;
		};
		ADB4221F28FDF0A3002D5C35 /* Sources */ = {
			isa = PBXSourcesBuildPhase;
			buildActionMask = 2147483647;
			files = (
				ADB4222828FDF0A3002D5C35 /* ApiServiceTests.swift in Sources */,
			);
			runOnlyForDeploymentPostprocessing = 0;
		};
		ADB4222928FDF0A3002D5C35 /* Sources */ = {
			isa = PBXSourcesBuildPhase;
			buildActionMask = 2147483647;
			files = (
				ADB4223428FDF0A3002D5C35 /* FlagsUITestsLaunchTests.swift in Sources */,
				ADB4223228FDF0A3002D5C35 /* FlagsUITests.swift in Sources */,
			);
			runOnlyForDeploymentPostprocessing = 0;
		};
/* End PBXSourcesBuildPhase section */

/* Begin PBXTargetDependency section */
		ADB4222528FDF0A3002D5C35 /* PBXTargetDependency */ = {
			isa = PBXTargetDependency;
			target = ADB4220C28FDF0A2002D5C35 /* Flags */;
			targetProxy = ADB4222428FDF0A3002D5C35 /* PBXContainerItemProxy */;
		};
		ADB4222F28FDF0A3002D5C35 /* PBXTargetDependency */ = {
			isa = PBXTargetDependency;
			target = ADB4220C28FDF0A2002D5C35 /* Flags */;
			targetProxy = ADB4222E28FDF0A3002D5C35 /* PBXContainerItemProxy */;
		};
/* End PBXTargetDependency section */

/* Begin PBXVariantGroup section */
		ADB4221628FDF0A2002D5C35 /* Main.storyboard */ = {
			isa = PBXVariantGroup;
			children = (
				ADB4221728FDF0A2002D5C35 /* Base */,
			);
			name = Main.storyboard;
			sourceTree = "<group>";
		};
		ADB4221B28FDF0A3002D5C35 /* LaunchScreen.storyboard */ = {
			isa = PBXVariantGroup;
			children = (
				ADB4221C28FDF0A3002D5C35 /* Base */,
			);
			name = LaunchScreen.storyboard;
			sourceTree = "<group>";
		};
/* End PBXVariantGroup section */

/* Begin XCBuildConfiguration section */
		ADB4223528FDF0A3002D5C35 /* Debug */ = {
			isa = XCBuildConfiguration;
			buildSettings = {
				ALWAYS_SEARCH_USER_PATHS = NO;
				CLANG_ANALYZER_NONNULL = YES;
				CLANG_ANALYZER_NUMBER_OBJECT_CONVERSION = YES_AGGRESSIVE;
				CLANG_CXX_LANGUAGE_STANDARD = "gnu++20";
				CLANG_ENABLE_MODULES = YES;
				CLANG_ENABLE_OBJC_ARC = YES;
				CLANG_ENABLE_OBJC_WEAK = YES;
				CLANG_WARN_BLOCK_CAPTURE_AUTORELEASING = YES;
				CLANG_WARN_BOOL_CONVERSION = YES;
				CLANG_WARN_COMMA = YES;
				CLANG_WARN_CONSTANT_CONVERSION = YES;
				CLANG_WARN_DEPRECATED_OBJC_IMPLEMENTATIONS = YES;
				CLANG_WARN_DIRECT_OBJC_ISA_USAGE = YES_ERROR;
				CLANG_WARN_DOCUMENTATION_COMMENTS = YES;
				CLANG_WARN_EMPTY_BODY = YES;
				CLANG_WARN_ENUM_CONVERSION = YES;
				CLANG_WARN_INFINITE_RECURSION = YES;
				CLANG_WARN_INT_CONVERSION = YES;
				CLANG_WARN_NON_LITERAL_NULL_CONVERSION = YES;
				CLANG_WARN_OBJC_IMPLICIT_RETAIN_SELF = YES;
				CLANG_WARN_OBJC_LITERAL_CONVERSION = YES;
				CLANG_WARN_OBJC_ROOT_CLASS = YES_ERROR;
				CLANG_WARN_QUOTED_INCLUDE_IN_FRAMEWORK_HEADER = YES;
				CLANG_WARN_RANGE_LOOP_ANALYSIS = YES;
				CLANG_WARN_STRICT_PROTOTYPES = YES;
				CLANG_WARN_SUSPICIOUS_MOVE = YES;
				CLANG_WARN_UNGUARDED_AVAILABILITY = YES_AGGRESSIVE;
				CLANG_WARN_UNREACHABLE_CODE = YES;
				CLANG_WARN__DUPLICATE_METHOD_MATCH = YES;
				COPY_PHASE_STRIP = NO;
				DEBUG_INFORMATION_FORMAT = dwarf;
				ENABLE_STRICT_OBJC_MSGSEND = YES;
				ENABLE_TESTABILITY = YES;
				GCC_C_LANGUAGE_STANDARD = gnu11;
				GCC_DYNAMIC_NO_PIC = NO;
				GCC_NO_COMMON_BLOCKS = YES;
				GCC_OPTIMIZATION_LEVEL = 0;
				GCC_PREPROCESSOR_DEFINITIONS = (
					"DEBUG=1",
					"$(inherited)",
				);
				GCC_WARN_64_TO_32_BIT_CONVERSION = YES;
				GCC_WARN_ABOUT_RETURN_TYPE = YES_ERROR;
				GCC_WARN_UNDECLARED_SELECTOR = YES;
				GCC_WARN_UNINITIALIZED_AUTOS = YES_AGGRESSIVE;
				GCC_WARN_UNUSED_FUNCTION = YES;
				GCC_WARN_UNUSED_VARIABLE = YES;
				IPHONEOS_DEPLOYMENT_TARGET = 16.0;
				MTL_ENABLE_DEBUG_INFO = INCLUDE_SOURCE;
				MTL_FAST_MATH = YES;
				ONLY_ACTIVE_ARCH = YES;
				SDKROOT = iphoneos;
				SWIFT_ACTIVE_COMPILATION_CONDITIONS = DEBUG;
				SWIFT_OPTIMIZATION_LEVEL = "-Onone";
			};
			name = Debug;
		};
		ADB4223628FDF0A3002D5C35 /* Release */ = {
			isa = XCBuildConfiguration;
			buildSettings = {
				ALWAYS_SEARCH_USER_PATHS = NO;
				CLANG_ANALYZER_NONNULL = YES;
				CLANG_ANALYZER_NUMBER_OBJECT_CONVERSION = YES_AGGRESSIVE;
				CLANG_CXX_LANGUAGE_STANDARD = "gnu++20";
				CLANG_ENABLE_MODULES = YES;
				CLANG_ENABLE_OBJC_ARC = YES;
				CLANG_ENABLE_OBJC_WEAK = YES;
				CLANG_WARN_BLOCK_CAPTURE_AUTORELEASING = YES;
				CLANG_WARN_BOOL_CONVERSION = YES;
				CLANG_WARN_COMMA = YES;
				CLANG_WARN_CONSTANT_CONVERSION = YES;
				CLANG_WARN_DEPRECATED_OBJC_IMPLEMENTATIONS = YES;
				CLANG_WARN_DIRECT_OBJC_ISA_USAGE = YES_ERROR;
				CLANG_WARN_DOCUMENTATION_COMMENTS = YES;
				CLANG_WARN_EMPTY_BODY = YES;
				CLANG_WARN_ENUM_CONVERSION = YES;
				CLANG_WARN_INFINITE_RECURSION = YES;
				CLANG_WARN_INT_CONVERSION = YES;
				CLANG_WARN_NON_LITERAL_NULL_CONVERSION = YES;
				CLANG_WARN_OBJC_IMPLICIT_RETAIN_SELF = YES;
				CLANG_WARN_OBJC_LITERAL_CONVERSION = YES;
				CLANG_WARN_OBJC_ROOT_CLASS = YES_ERROR;
				CLANG_WARN_QUOTED_INCLUDE_IN_FRAMEWORK_HEADER = YES;
				CLANG_WARN_RANGE_LOOP_ANALYSIS = YES;
				CLANG_WARN_STRICT_PROTOTYPES = YES;
				CLANG_WARN_SUSPICIOUS_MOVE = YES;
				CLANG_WARN_UNGUARDED_AVAILABILITY = YES_AGGRESSIVE;
				CLANG_WARN_UNREACHABLE_CODE = YES;
				CLANG_WARN__DUPLICATE_METHOD_MATCH = YES;
				COPY_PHASE_STRIP = NO;
				DEBUG_INFORMATION_FORMAT = "dwarf-with-dsym";
				ENABLE_NS_ASSERTIONS = NO;
				ENABLE_STRICT_OBJC_MSGSEND = YES;
				GCC_C_LANGUAGE_STANDARD = gnu11;
				GCC_NO_COMMON_BLOCKS = YES;
				GCC_WARN_64_TO_32_BIT_CONVERSION = YES;
				GCC_WARN_ABOUT_RETURN_TYPE = YES_ERROR;
				GCC_WARN_UNDECLARED_SELECTOR = YES;
				GCC_WARN_UNINITIALIZED_AUTOS = YES_AGGRESSIVE;
				GCC_WARN_UNUSED_FUNCTION = YES;
				GCC_WARN_UNUSED_VARIABLE = YES;
				IPHONEOS_DEPLOYMENT_TARGET = 16.0;
				MTL_ENABLE_DEBUG_INFO = NO;
				MTL_FAST_MATH = YES;
				SDKROOT = iphoneos;
				SWIFT_COMPILATION_MODE = wholemodule;
				SWIFT_OPTIMIZATION_LEVEL = "-O";
				VALIDATE_PRODUCT = YES;
			};
			name = Release;
		};
		ADB4223828FDF0A3002D5C35 /* Debug */ = {
			isa = XCBuildConfiguration;
			buildSettings = {
				ASSETCATALOG_COMPILER_APPICON_NAME = AppIcon;
				ASSETCATALOG_COMPILER_GLOBAL_ACCENT_COLOR_NAME = AccentColor;
				CODE_SIGN_STYLE = Automatic;
				CURRENT_PROJECT_VERSION = 1;
				DEVELOPMENT_TEAM = 27WS6M78JH;
				GENERATE_INFOPLIST_FILE = YES;
				INFOPLIST_FILE = Flags/Info.plist;
				INFOPLIST_KEY_UIApplicationSupportsIndirectInputEvents = YES;
				INFOPLIST_KEY_UILaunchStoryboardName = LaunchScreen;
				INFOPLIST_KEY_UIMainStoryboardFile = Main;
				INFOPLIST_KEY_UISupportedInterfaceOrientations_iPad = "UIInterfaceOrientationPortrait UIInterfaceOrientationPortraitUpsideDown UIInterfaceOrientationLandscapeLeft UIInterfaceOrientationLandscapeRight";
				INFOPLIST_KEY_UISupportedInterfaceOrientations_iPhone = "UIInterfaceOrientationPortrait UIInterfaceOrientationLandscapeLeft UIInterfaceOrientationLandscapeRight";
				LD_RUNPATH_SEARCH_PATHS = (
					"$(inherited)",
					"@executable_path/Frameworks",
				);
				MARKETING_VERSION = 1.0;
				PRODUCT_BUNDLE_IDENTIFIER = it.mm.Flags;
				PRODUCT_NAME = "$(TARGET_NAME)";
				SWIFT_EMIT_LOC_STRINGS = YES;
				SWIFT_VERSION = 5.0;
				TARGETED_DEVICE_FAMILY = "1,2";
			};
			name = Debug;
		};
		ADB4223928FDF0A3002D5C35 /* Release */ = {
			isa = XCBuildConfiguration;
			buildSettings = {
				ASSETCATALOG_COMPILER_APPICON_NAME = AppIcon;
				ASSETCATALOG_COMPILER_GLOBAL_ACCENT_COLOR_NAME = AccentColor;
				CODE_SIGN_STYLE = Automatic;
				CURRENT_PROJECT_VERSION = 1;
				DEVELOPMENT_TEAM = 27WS6M78JH;
				GENERATE_INFOPLIST_FILE = YES;
				INFOPLIST_FILE = Flags/Info.plist;
				INFOPLIST_KEY_UIApplicationSupportsIndirectInputEvents = YES;
				INFOPLIST_KEY_UILaunchStoryboardName = LaunchScreen;
				INFOPLIST_KEY_UIMainStoryboardFile = Main;
				INFOPLIST_KEY_UISupportedInterfaceOrientations_iPad = "UIInterfaceOrientationPortrait UIInterfaceOrientationPortraitUpsideDown UIInterfaceOrientationLandscapeLeft UIInterfaceOrientationLandscapeRight";
				INFOPLIST_KEY_UISupportedInterfaceOrientations_iPhone = "UIInterfaceOrientationPortrait UIInterfaceOrientationLandscapeLeft UIInterfaceOrientationLandscapeRight";
				LD_RUNPATH_SEARCH_PATHS = (
					"$(inherited)",
					"@executable_path/Frameworks",
				);
				MARKETING_VERSION = 1.0;
				PRODUCT_BUNDLE_IDENTIFIER = it.mm.Flags;
				PRODUCT_NAME = "$(TARGET_NAME)";
				SWIFT_EMIT_LOC_STRINGS = YES;
				SWIFT_VERSION = 5.0;
				TARGETED_DEVICE_FAMILY = "1,2";
			};
			name = Release;
		};
		ADB4223B28FDF0A3002D5C35 /* Debug */ = {
			isa = XCBuildConfiguration;
			buildSettings = {
				ALWAYS_EMBED_SWIFT_STANDARD_LIBRARIES = YES;
				BUNDLE_LOADER = "$(TEST_HOST)";
				CODE_SIGN_STYLE = Automatic;
				CURRENT_PROJECT_VERSION = 1;
				DEVELOPMENT_TEAM = 27WS6M78JH;
				GENERATE_INFOPLIST_FILE = YES;
				IPHONEOS_DEPLOYMENT_TARGET = 16.0;
				MARKETING_VERSION = 1.0;
				PRODUCT_BUNDLE_IDENTIFIER = it.mm.FlagsTests;
				PRODUCT_NAME = "$(TARGET_NAME)";
				SWIFT_EMIT_LOC_STRINGS = NO;
				SWIFT_VERSION = 5.0;
				TARGETED_DEVICE_FAMILY = "1,2";
				TEST_HOST = "$(BUILT_PRODUCTS_DIR)/Flags.app/$(BUNDLE_EXECUTABLE_FOLDER_PATH)/Flags";
			};
			name = Debug;
		};
		ADB4223C28FDF0A3002D5C35 /* Release */ = {
			isa = XCBuildConfiguration;
			buildSettings = {
				ALWAYS_EMBED_SWIFT_STANDARD_LIBRARIES = YES;
				BUNDLE_LOADER = "$(TEST_HOST)";
				CODE_SIGN_STYLE = Automatic;
				CURRENT_PROJECT_VERSION = 1;
				DEVELOPMENT_TEAM = 27WS6M78JH;
				GENERATE_INFOPLIST_FILE = YES;
				IPHONEOS_DEPLOYMENT_TARGET = 16.0;
				MARKETING_VERSION = 1.0;
				PRODUCT_BUNDLE_IDENTIFIER = it.mm.FlagsTests;
				PRODUCT_NAME = "$(TARGET_NAME)";
				SWIFT_EMIT_LOC_STRINGS = NO;
				SWIFT_VERSION = 5.0;
				TARGETED_DEVICE_FAMILY = "1,2";
				TEST_HOST = "$(BUILT_PRODUCTS_DIR)/Flags.app/$(BUNDLE_EXECUTABLE_FOLDER_PATH)/Flags";
			};
			name = Release;
		};
		ADB4223E28FDF0A3002D5C35 /* Debug */ = {
			isa = XCBuildConfiguration;
			buildSettings = {
				ALWAYS_EMBED_SWIFT_STANDARD_LIBRARIES = YES;
				CODE_SIGN_STYLE = Automatic;
				CURRENT_PROJECT_VERSION = 1;
				DEVELOPMENT_TEAM = 27WS6M78JH;
				GENERATE_INFOPLIST_FILE = YES;
				MARKETING_VERSION = 1.0;
				PRODUCT_BUNDLE_IDENTIFIER = it.mm.FlagsUITests;
				PRODUCT_NAME = "$(TARGET_NAME)";
				SWIFT_EMIT_LOC_STRINGS = NO;
				SWIFT_VERSION = 5.0;
				TARGETED_DEVICE_FAMILY = "1,2";
				TEST_TARGET_NAME = Flags;
			};
			name = Debug;
		};
		ADB4223F28FDF0A3002D5C35 /* Release */ = {
			isa = XCBuildConfiguration;
			buildSettings = {
				ALWAYS_EMBED_SWIFT_STANDARD_LIBRARIES = YES;
				CODE_SIGN_STYLE = Automatic;
				CURRENT_PROJECT_VERSION = 1;
				DEVELOPMENT_TEAM = 27WS6M78JH;
				GENERATE_INFOPLIST_FILE = YES;
				MARKETING_VERSION = 1.0;
				PRODUCT_BUNDLE_IDENTIFIER = it.mm.FlagsUITests;
				PRODUCT_NAME = "$(TARGET_NAME)";
				SWIFT_EMIT_LOC_STRINGS = NO;
				SWIFT_VERSION = 5.0;
				TARGETED_DEVICE_FAMILY = "1,2";
				TEST_TARGET_NAME = Flags;
			};
			name = Release;
		};
/* End XCBuildConfiguration section */

/* Begin XCConfigurationList section */
		ADB4220828FDF0A2002D5C35 /* Build configuration list for PBXProject "Flags" */ = {
			isa = XCConfigurationList;
			buildConfigurations = (
				ADB4223528FDF0A3002D5C35 /* Debug */,
				ADB4223628FDF0A3002D5C35 /* Release */,
			);
			defaultConfigurationIsVisible = 0;
			defaultConfigurationName = Release;
		};
		ADB4223728FDF0A3002D5C35 /* Build configuration list for PBXNativeTarget "Flags" */ = {
			isa = XCConfigurationList;
			buildConfigurations = (
				ADB4223828FDF0A3002D5C35 /* Debug */,
				ADB4223928FDF0A3002D5C35 /* Release */,
			);
			defaultConfigurationIsVisible = 0;
			defaultConfigurationName = Release;
		};
		ADB4223A28FDF0A3002D5C35 /* Build configuration list for PBXNativeTarget "FlagsTests" */ = {
			isa = XCConfigurationList;
			buildConfigurations = (
				ADB4223B28FDF0A3002D5C35 /* Debug */,
				ADB4223C28FDF0A3002D5C35 /* Release */,
			);
			defaultConfigurationIsVisible = 0;
			defaultConfigurationName = Release;
		};
		ADB4223D28FDF0A3002D5C35 /* Build configuration list for PBXNativeTarget "FlagsUITests" */ = {
			isa = XCConfigurationList;
			buildConfigurations = (
				ADB4223E28FDF0A3002D5C35 /* Debug */,
				ADB4223F28FDF0A3002D5C35 /* Release */,
			);
			defaultConfigurationIsVisible = 0;
			defaultConfigurationName = Release;
		};
/* End XCConfigurationList section */
	};
	rootObject = ADB4220528FDF0A2002D5C35 /* Project object */;
}
